
Microsoft Visual Studio Solution File, Format Version 12.00
# Visual Studio 15
Project("{FAE04EC0-301F-11D3-BF4B-00C04F79EFBC}") = "VuforiaScripts", "VuforiaScripts.csproj", "{AB36C510-553B-3E6A-42D4-16ABE49AF0AB}"
EndProject
Project("{FAE04EC0-301F-11D3-BF4B-00C04F79EFBC}") = "Assembly-CSharp", "Assembly-CSharp.csproj", "{647AE418-4A5E-2E99-C98D-52069968FDBB}"
EndProject
Project("{FAE04EC0-301F-11D3-BF4B-00C04F79EFBC}") = "VuforiaEditorScripts", "VuforiaEditorScripts.csproj", "{38F3AA14-D1C6-5D20-1B32-3592B888D91A}"
EndProject
Project("{FAE04EC0-301F-11D3-BF4B-00C04F79EFBC}") = "Assembly-CSharp-Editor", "Assembly-CSharp-Editor.csproj", "{FB1D3318-A812-49E8-BB2A-A52E3F941E86}"
EndProject
Project("{FAE04EC0-301F-11D3-BF4B-00C04F79EFBC}") = "VuforiaVersionCheckerScripts", "VuforiaVersionCheckerScripts.csproj", "{A6E919FE-AEC9-043C-72DD-C502BD316F0E}"
EndProject
Global
	GlobalSection(SolutionConfigurationPlatforms) = preSolution
		Debug|Any CPU = Debug|Any CPU
		Release|Any CPU = Release|Any CPU
	EndGlobalSection
	GlobalSection(ProjectConfigurationPlatforms) = postSolution
		{AB36C510-553B-3E6A-42D4-16ABE49AF0AB}.Debug|Any CPU.ActiveCfg = Debug|Any CPU
		{AB36C510-553B-3E6A-42D4-16ABE49AF0AB}.Debug|Any CPU.Build.0 = Debug|Any CPU
		{AB36C510-553B-3E6A-42D4-16ABE49AF0AB}.Release|Any CPU.ActiveCfg = Release|Any CPU
		{AB36C510-553B-3E6A-42D4-16ABE49AF0AB}.Release|Any CPU.Build.0 = Release|Any CPU
		{647AE418-4A5E-2E99-C98D-52069968FDBB}.Debug|Any CPU.ActiveCfg = Debug|Any CPU
		{647AE418-4A5E-2E99-C98D-52069968FDBB}.Debug|Any CPU.Build.0 = Debug|Any CPU
		{647AE418-4A5E-2E99-C98D-52069968FDBB}.Release|Any CPU.ActiveCfg = Release|Any CPU
		{647AE418-4A5E-2E99-C98D-52069968FDBB}.Release|Any CPU.Build.0 = Release|Any CPU
		{38F3AA14-D1C6-5D20-1B32-3592B888D91A}.Debug|Any CPU.ActiveCfg = Debug|Any CPU
		{38F3AA14-D1C6-5D20-1B32-3592B888D91A}.Debug|Any CPU.Build.0 = Debug|Any CPU
		{38F3AA14-D1C6-5D20-1B32-3592B888D91A}.Release|Any CPU.ActiveCfg = Release|Any CPU
		{38F3AA14-D1C6-5D20-1B32-3592B888D91A}.Release|Any CPU.Build.0 = Release|Any CPU
		{FB1D3318-A812-49E8-BB2A-A52E3F941E86}.Debug|Any CPU.ActiveCfg = Debug|Any CPU
		{FB1D3318-A812-49E8-BB2A-A52E3F941E86}.Debug|Any CPU.Build.0 = Debug|Any CPU
		{FB1D3318-A812-49E8-BB2A-A52E3F941E86}.Release|Any CPU.ActiveCfg = Release|Any CPU
		{FB1D3318-A812-49E8-BB2A-A52E3F941E86}.Release|Any CPU.Build.0 = Release|Any CPU
		{A6E919FE-AEC9-043C-72DD-C502BD316F0E}.Debug|Any CPU.ActiveCfg = Debug|Any CPU
		{A6E919FE-AEC9-043C-72DD-C502BD316F0E}.Debug|Any CPU.Build.0 = Debug|Any CPU
		{A6E919FE-AEC9-043C-72DD-C502BD316F0E}.Release|Any CPU.ActiveCfg = Release|Any CPU
		{A6E919FE-AEC9-043C-72DD-C502BD316F0E}.Release|Any CPU.Build.0 = Release|Any CPU
	EndGlobalSection
	GlobalSection(SolutionProperties) = preSolution
		HideSolutionNode = FALSE
	EndGlobalSection
EndGlobal
